dependencies:
- name: customers-service
  repository: file://../service-common
  version: 0.1.0
- name: vets-service
  repository: file://../service-common
  version: 0.1.0
digest: sha256:5496f26728d0e7573dc5f22551f11529cbf6b54e93ddefa484a924fd20c5b7ec
generated: "2025-05-21T04:14:29.6450523+07:00"
