dependencies:
- name: service-common
  repository: file://../service-common
  version: 0.1.0
- name: service-common
  repository: file://../service-common
  version: 0.1.0
- name: service-common
  repository: file://../service-common
  version: 0.1.0
- name: service-common
  repository: file://../service-common
  version: 0.1.0
- name: service-common
  repository: file://../service-common
  version: 0.1.0
- name: service-common
  repository: file://../service-common
  version: 0.1.0
- name: service-common
  repository: file://../service-common
  version: 0.1.0
digest: sha256:77c518a47293e22dc57de0c0c5196060391028c752c569bc07d60aff75b6648c
generated: "2025-05-21T21:04:06.47504+07:00"
